
Microsoft Visual Studio Solution File, Format Version 12.00
# Visual Studio Version 17
VisualStudioVersion = 17.4.33205.214
MinimumVisualStudioVersion = 10.0.40219.1
Project("{FAE04EC0-301F-11D3-BF4B-00C04F79EFBC}") = "Telefon_Rehper_uygulaması", "Telefon_Rehper_uygulaması\Telefon_Rehper_uygulaması.csproj", "{9A9B0A01-3D97-4862-8CE8-993722486434}"
EndProject
Global
	GlobalSection(SolutionConfigurationPlatforms) = preSolution
		Debug|Any CPU = Debug|Any CPU
		Release|Any CPU = Release|Any CPU
	EndGlobalSection
	GlobalSection(ProjectConfigurationPlatforms) = postSolution
		{9A9B0A01-3D97-4862-8CE8-993722486434}.Debug|Any CPU.ActiveCfg = Debug|Any CPU
		{9A9B0A01-3D97-4862-8CE8-993722486434}.Debug|Any CPU.Build.0 = Debug|Any CPU
		{9A9B0A01-3D97-4862-8CE8-993722486434}.Release|Any CPU.ActiveCfg = Release|Any CPU
		{9A9B0A01-3D97-4862-8CE8-993722486434}.Release|Any CPU.Build.0 = Release|Any CPU
	EndGlobalSection
	GlobalSection(SolutionProperties) = preSolution
		HideSolutionNode = FALSE
	EndGlobalSection
	GlobalSection(ExtensibilityGlobals) = postSolution
		SolutionGuid = {C391E032-B629-4B06-A64F-75F8D3C3E36A}
	EndGlobalSection
EndGlobal
